// !$*UTF8*$!
{
	archiveVersion = 1;
	classes = {
	};
	objectVersion = 46;
	objects = {

/* Begin PBXBuildFile section */
		028797CA5700F7C872BE063B /* BatteryStatus.swift in Sources */ = {isa = PBXBuildFile; fileRef = 68B99E54221B841D6A74D529 /* BatteryStatus.swift */; };
		B1C2D3E4F5061728394A5B6C /* BatteryHistoryStore.swift in Sources */ = {isa = PBXBuildFile; fileRef = A1B2C3D4E5F60718293A4B5C /* BatteryHistoryStore.swift */; };
		D1E2F3041526374859A6B7C8 /* BatteryDashboardView.swift in Sources */ = {isa = PBXBuildFile; fileRef = C1D2E3F40516273849A5B6C7 /* BatteryDashboardView.swift */; };
		14314CE1F98EB24DA5C314B3 /* IOKitBatteryProvider.swift in Sources */ = {isa = PBXBuildFile; fileRef = 1FA7ACA70D93BC53C3FCA4C3 /* IOKitBatteryProvider.swift */; };
		14E0370967CF3E00ED5E0C55 /* BatteryStatusAppearance.swift in Sources */ = {isa = PBXBuildFile; fileRef = F372BE09D41FDBCF4A147083 /* BatteryStatusAppearance.swift */; };
		25D44B710D66540D4AB5D1C1 /* BatteryStatus+Preview.swift in Sources */ = {isa = PBXBuildFile; fileRef = AD4277660EFD0ED31251BDA4 /* BatteryStatus+Preview.swift */; };
		27D03F302E9A52D1849FEE18 /* OverlayPreviewView.swift in Sources */ = {isa = PBXBuildFile; fileRef = 7F85CA5FCBD5ECC3BA142E6A /* OverlayPreviewView.swift */; };
		2ABE1D954373F6D50B79C3B4 /* OnboardingWindowController.swift in Sources */ = {isa = PBXBuildFile; fileRef = CD761E454FBE400CD0DF235D /* OnboardingWindowController.swift */; };
		2FF8D229A441B4ED7505F202 /* OverlayWindow.swift in Sources */ = {isa = PBXBuildFile; fileRef = C11BD3FCDD1DDA06B91F1616 /* OverlayWindow.swift */; };
		305E1AB5198CCF2AA04A1CF5 /* MenuBarIconFactory.swift in Sources */ = {isa = PBXBuildFile; fileRef = 4E6D4B6B2B49577A07FA5AFD /* MenuBarIconFactory.swift */; };
		31BB856542377F857FEAFD14 /* OnboardingHeroView.swift in Sources */ = {isa = PBXBuildFile; fileRef = 07BCEC1DD226750810AF4049 /* OnboardingHeroView.swift */; };
		3632EE198B90BB40C4FF2061 /* SettingsWindowController.swift in Sources */ = {isa = PBXBuildFile; fileRef = BD213438204982391D2096DA /* SettingsWindowController.swift */; };
		37340CA8EA00E7C6C96430C5 /* Sparkle-LICENSE.txt in Resources */ = {isa = PBXBuildFile; fileRef = A83D911787C90A2D30B5E8DE /* Sparkle-LICENSE.txt */; };
		40CA0E20B0D5FE11A05F84A0 /* OverlayManager.swift in Sources */ = {isa = PBXBuildFile; fileRef = C1E6197731275787FA20DF95 /* OverlayManager.swift */; };
		49597E6A266D0BF71699B87F /* BatteryFormatter.swift in Sources */ = {isa = PBXBuildFile; fileRef = E28C363657C7C7C4E4F3F2A7 /* BatteryFormatter.swift */; };
		53C8924B7149314C3D73DB68 /* BatteryMonitor.swift in Sources */ = {isa = PBXBuildFile; fileRef = 8950D1193F17D079A1F567B4 /* BatteryMonitor.swift */; };
		5425475E6FC7B42B4FCA6992 /* THIRD_PARTY_NOTICES.md in Resources */ = {isa = PBXBuildFile; fileRef = C389E1E141BC797A451CA8B9 /* THIRD_PARTY_NOTICES.md */; };
		58534F5D0490BA46A896A827 /* ServiceManagement.framework in Frameworks */ = {isa = PBXBuildFile; fileRef = 51DBEEA2EB76F11ABF7550A5 /* ServiceManagement.framework */; };
		593EE41F7B9EFF1CF7A04531 /* main.swift in Sources */ = {isa = PBXBuildFile; fileRef = A5EA7927E561838976427C0C /* main.swift */; };
		5E24B764E8AC23EBB92DC6A0 /* BatteryMenuDetailsView.swift in Sources */ = {isa = PBXBuildFile; fileRef = F837BAB71796B486F91D9E61 /* BatteryMenuDetailsView.swift */; };
		644D84D3C28EBE3918B4CBC4 /* LoginItemService.swift in Sources */ = {isa = PBXBuildFile; fileRef = DCF9634375531C8ED198C57D /* LoginItemService.swift */; };
		70B4B41B7D9ED7125DF34BF1 /* AlarmPolicy.swift in Sources */ = {isa = PBXBuildFile; fileRef = 67981FAFD3B41D619C17EF99 /* AlarmPolicy.swift */; };
		8367F1EB338275AC6878B039 /* Sparkle.xcframework in Frameworks */ = {isa = PBXBuildFile; fileRef = B37BAC5A08D44856633FB4A8 /* Sparkle.xcframework */; };
		8C46980D4B44AB7F28538ECE /* AppSettingsStore.swift in Sources */ = {isa = PBXBuildFile; fileRef = BD415687AD1AF2B432013719 /* AppSettingsStore.swift */; };
		8D24CC931C26B7CDBC42B3DB /* AppDelegate.swift in Sources */ = {isa = PBXBuildFile; fileRef = 0A88F43DB44CF8B63A3C3ACF /* AppDelegate.swift */; };
		916BFFCEFCF4DF4863D75804 /* MenuBarController.swift in Sources */ = {isa = PBXBuildFile; fileRef = 5E5C1E8281CDF184EBA03FE4 /* MenuBarController.swift */; };
		9DEFC599F39031D1FBAF771A /* IOKit.framework in Frameworks */ = {isa = PBXBuildFile; fileRef = EA5DA2AFBCD340EA2751FD5B /* IOKit.framework */; };
		A8A768E9B841F5158D52767F /* AppIcon.icns in Resources */ = {isa = PBXBuildFile; fileRef = F5CB2D769E51C516AB3E4A0A /* AppIcon.icns */; };
		C6C9980AE53C95C7A88669C8 /* OverlayView.swift in Sources */ = {isa = PBXBuildFile; fileRef = 98AFDB52C1849BA989E1C448 /* OverlayView.swift */; };
		C9E6575D5D1A68F9A6477E40 /* Sparkle.xcframework in Embed Frameworks */ = {isa = PBXBuildFile; fileRef = B37BAC5A08D44856633FB4A8 /* Sparkle.xcframework */; settings = {ATTRIBUTES = (CodeSignOnCopy, ); }; };
		D0BC86AE78BA33AFE8F9DE71 /* AppCoordinator.swift in Sources */ = {isa = PBXBuildFile; fileRef = CD57D9549DB01F49562E4E8B /* AppCoordinator.swift */; };
		D7565DB99942CF0605BA700C /* Cocoa.framework in Frameworks */ = {isa = PBXBuildFile; fileRef = 2ADC7BAD6F2234C29AD0DFCC /* Cocoa.framework */; };
		D959A9EEDCAF739F1B7AFD2A /* WarningSoundPlayer.swift in Sources */ = {isa = PBXBuildFile; fileRef = 36D9C0744BB7F05A96E9E9EC /* WarningSoundPlayer.swift */; };
		DD97E6C9D670CAA6D1608329 /* SirenTonePlayer.swift in Sources */ = {isa = PBXBuildFile; fileRef = 4B426D1327411F8A5E3AB7B0 /* SirenTonePlayer.swift */; };
		DE0FAB2CEC2F1013F8CDC717 /* AVFoundation.framework in Frameworks */ = {isa = PBXBuildFile; fileRef = D6B94AC4AEE771A079B8837F /* AVFoundation.framework */; };
		E05F919B11EA69C108B3EF1C /* AppConstants.swift in Sources */ = {isa = PBXBuildFile; fileRef = FA467BA4E86E9763B4D15B4D /* AppConstants.swift */; };
		E4FAD506936E0AE319176A04 /* WarningSound.swift in Sources */ = {isa = PBXBuildFile; fileRef = E359B505682D74A21CF6431B /* WarningSound.swift */; };
		E6D7C4FA761EE97DFFD69C1F /* Comparable+Clamp.swift in Sources */ = {isa = PBXBuildFile; fileRef = 19D2892BE9B9D7753FE70417 /* Comparable+Clamp.swift */; };
		EA984D9D420B7E6102ED09FC /* BatteryMenuHeaderView.swift in Sources */ = {isa = PBXBuildFile; fileRef = 8EB710DCA43C1CA9950FC028 /* BatteryMenuHeaderView.swift */; };
		F514CC75EA8A8B0D887D6F6E /* AppIconFactory.swift in Sources */ = {isa = PBXBuildFile; fileRef = 8F8D312100DE8D9B9D380AB3 /* AppIconFactory.swift */; };
		F8FA9B5BF722E5205050F0F8 /* BatteryProvider.swift in Sources */ = {isa = PBXBuildFile; fileRef = A9B9D2C33D98C5DE94208587 /* BatteryProvider.swift */; };
		FFEDAF3390C93DC13D6EC80F /* AppUpdater.swift in Sources */ = {isa = PBXBuildFile; fileRef = BC42CD7CF6E42A1F502BA078 /* AppUpdater.swift */; };
/* End PBXBuildFile section */

/* Begin PBXCopyFilesBuildPhase section */
		27EFC5B4C4A049BB2F8B8313 /* Embed Frameworks */ = {
			isa = PBXCopyFilesBuildPhase;
			buildActionMask = 2147483647;
			dstPath = "";
			dstSubfolderSpec = 10;
			files = (
				C9E6575D5D1A68F9A6477E40 /* Sparkle.xcframework in Embed Frameworks */,
			);
			name = "Embed Frameworks";
			runOnlyForDeploymentPostprocessing = 0;
		};
/* End PBXCopyFilesBuildPhase section */

/* Begin PBXFileReference section */
		04F03DEA1C5480DB11B43C0A /* DMGBackground.png */ = {isa = PBXFileReference; includeInIndex = 1; lastKnownFileType = image.png; name = DMGBackground.png; path = ../Resources/DMGBackground.png; sourceTree = "<group>"; };
		A1B2C3D4E5F60718293A4B5C /* BatteryHistoryStore.swift */ = {isa = PBXFileReference; includeInIndex = 1; lastKnownFileType = sourcecode.swift; name = BatteryHistoryStore.swift; path = ../Sources/BatteryPanicApp/Battery/BatteryHistoryStore.swift; sourceTree = "<group>"; };
		C1D2E3F40516273849A5B6C7 /* BatteryDashboardView.swift */ = {isa = PBXFileReference; includeInIndex = 1; lastKnownFileType = sourcecode.swift; name = BatteryDashboardView.swift; path = ../Sources/BatteryPanicApp/MenuBar/BatteryDashboardView.swift; sourceTree = "<group>"; };
		07BCEC1DD226750810AF4049 /* OnboardingHeroView.swift */ = {isa = PBXFileReference; includeInIndex = 1; lastKnownFileType = sourcecode.swift; name = OnboardingHeroView.swift; path = ../Sources/BatteryPanicApp/Settings/OnboardingHeroView.swift; sourceTree = "<group>"; };
		0A88F43DB44CF8B63A3C3ACF /* AppDelegate.swift */ = {isa = PBXFileReference; includeInIndex = 1; lastKnownFileType = sourcecode.swift; name = AppDelegate.swift; path = ../Sources/BatteryPanicApp/App/AppDelegate.swift; sourceTree = "<group>"; };
		19D2892BE9B9D7753FE70417 /* Comparable+Clamp.swift */ = {isa = PBXFileReference; includeInIndex = 1; lastKnownFileType = sourcecode.swift; name = "Comparable+Clamp.swift"; path = "../Sources/BatteryPanicApp/Shared/Comparable+Clamp.swift"; sourceTree = "<group>"; };
		1FA7ACA70D93BC53C3FCA4C3 /* IOKitBatteryProvider.swift */ = {isa = PBXFileReference; includeInIndex = 1; lastKnownFileType = sourcecode.swift; name = IOKitBatteryProvider.swift; path = ../Sources/BatteryPanicApp/Battery/IOKitBatteryProvider.swift; sourceTree = "<group>"; };
		2ADC7BAD6F2234C29AD0DFCC /* Cocoa.framework */ = {isa = PBXFileReference; lastKnownFileType = wrapper.framework; name = Cocoa.framework; path = System/Library/Frameworks/Cocoa.framework; sourceTree = SDKROOT; };
		36D9C0744BB7F05A96E9E9EC /* WarningSoundPlayer.swift */ = {isa = PBXFileReference; includeInIndex = 1; lastKnownFileType = sourcecode.swift; name = WarningSoundPlayer.swift; path = ../Sources/BatteryPanicApp/Sound/WarningSoundPlayer.swift; sourceTree = "<group>"; };
		4B426D1327411F8A5E3AB7B0 /* SirenTonePlayer.swift */ = {isa = PBXFileReference; includeInIndex = 1; lastKnownFileType = sourcecode.swift; name = SirenTonePlayer.swift; path = ../Sources/BatteryPanicApp/Sound/SirenTonePlayer.swift; sourceTree = "<group>"; };
		4E6D4B6B2B49577A07FA5AFD /* MenuBarIconFactory.swift */ = {isa = PBXFileReference; includeInIndex = 1; lastKnownFileType = sourcecode.swift; name = MenuBarIconFactory.swift; path = ../Sources/BatteryPanicApp/MenuBar/MenuBarIconFactory.swift; sourceTree = "<group>"; };
		51DBEEA2EB76F11ABF7550A5 /* ServiceManagement.framework */ = {isa = PBXFileReference; lastKnownFileType = wrapper.framework; name = ServiceManagement.framework; path = System/Library/Frameworks/ServiceManagement.framework; sourceTree = SDKROOT; };
		5E5C1E8281CDF184EBA03FE4 /* MenuBarController.swift */ = {isa = PBXFileReference; includeInIndex = 1; lastKnownFileType = sourcecode.swift; name = MenuBarController.swift; path = ../Sources/BatteryPanicApp/MenuBar/MenuBarController.swift; sourceTree = "<group>"; };
		67981FAFD3B41D619C17EF99 /* AlarmPolicy.swift */ = {isa = PBXFileReference; includeInIndex = 1; lastKnownFileType = sourcecode.swift; name = AlarmPolicy.swift; path = ../Sources/BatteryPanicApp/Battery/AlarmPolicy.swift; sourceTree = "<group>"; };
		68B99E54221B841D6A74D529 /* BatteryStatus.swift */ = {isa = PBXFileReference; includeInIndex = 1; lastKnownFileType = sourcecode.swift; name = BatteryStatus.swift; path = ../Sources/BatteryPanicApp/Battery/BatteryStatus.swift; sourceTree = "<group>"; };
		6B7AD9BE4854547D5783C164 /* Version.xcconfig */ = {isa = PBXFileReference; includeInIndex = 1; lastKnownFileType = text.xcconfig; name = Version.xcconfig; path = ../Config/Version.xcconfig; sourceTree = "<group>"; };
		7F85CA5FCBD5ECC3BA142E6A /* OverlayPreviewView.swift */ = {isa = PBXFileReference; includeInIndex = 1; lastKnownFileType = sourcecode.swift; name = OverlayPreviewView.swift; path = ../Sources/BatteryPanicApp/Settings/OverlayPreviewView.swift; sourceTree = "<group>"; };
		8950D1193F17D079A1F567B4 /* BatteryMonitor.swift */ = {isa = PBXFileReference; includeInIndex = 1; lastKnownFileType = sourcecode.swift; name = BatteryMonitor.swift; path = ../Sources/BatteryPanicApp/Battery/BatteryMonitor.swift; sourceTree = "<group>"; };
		8EB710DCA43C1CA9950FC028 /* BatteryMenuHeaderView.swift */ = {isa = PBXFileReference; includeInIndex = 1; lastKnownFileType = sourcecode.swift; name = BatteryMenuHeaderView.swift; path = ../Sources/BatteryPanicApp/MenuBar/BatteryMenuHeaderView.swift; sourceTree = "<group>"; };
		8F8D312100DE8D9B9D380AB3 /* AppIconFactory.swift */ = {isa = PBXFileReference; includeInIndex = 1; lastKnownFileType = sourcecode.swift; name = AppIconFactory.swift; path = ../Sources/BatteryPanicApp/Shared/AppIconFactory.swift; sourceTree = "<group>"; };
		98AFDB52C1849BA989E1C448 /* OverlayView.swift */ = {isa = PBXFileReference; includeInIndex = 1; lastKnownFileType = sourcecode.swift; name = OverlayView.swift; path = ../Sources/BatteryPanicApp/Overlay/OverlayView.swift; sourceTree = "<group>"; };
		9BBAB574E52F4DF303AD512B /* BatteryPanicApp-Info.plist */ = {isa = PBXFileReference; includeInIndex = 1; lastKnownFileType = text.plist.xml; name = "BatteryPanicApp-Info.plist"; path = "../Config/BatteryPanicApp-Info.plist"; sourceTree = "<group>"; };
		A5EA7927E561838976427C0C /* main.swift */ = {isa = PBXFileReference; includeInIndex = 1; lastKnownFileType = sourcecode.swift; name = main.swift; path = ../Sources/BatteryPanicApp/App/main.swift; sourceTree = "<group>"; };
		A83D911787C90A2D30B5E8DE /* Sparkle-LICENSE.txt */ = {isa = PBXFileReference; includeInIndex = 1; name = "Sparkle-LICENSE.txt"; path = ../Vendor/Sparkle/LICENSE; sourceTree = "<group>"; };
		A9B9D2C33D98C5DE94208587 /* BatteryProvider.swift */ = {isa = PBXFileReference; includeInIndex = 1; lastKnownFileType = sourcecode.swift; name = BatteryProvider.swift; path = ../Sources/BatteryPanicApp/Battery/BatteryProvider.swift; sourceTree = "<group>"; };
		AD4277660EFD0ED31251BDA4 /* BatteryStatus+Preview.swift */ = {isa = PBXFileReference; includeInIndex = 1; lastKnownFileType = sourcecode.swift; name = "BatteryStatus+Preview.swift"; path = "../Sources/BatteryPanicApp/Battery/BatteryStatus+Preview.swift"; sourceTree = "<group>"; };
		B37BAC5A08D44856633FB4A8 /* Sparkle.xcframework */ = {isa = PBXFileReference; includeInIndex = 1; name = Sparkle.xcframework; path = ../Vendor/Sparkle/Sparkle.xcframework; sourceTree = "<group>"; };
		BC42CD7CF6E42A1F502BA078 /* AppUpdater.swift */ = {isa = PBXFileReference; includeInIndex = 1; lastKnownFileType = sourcecode.swift; name = AppUpdater.swift; path = ../Sources/BatteryPanicApp/Updates/AppUpdater.swift; sourceTree = "<group>"; };
		BD213438204982391D2096DA /* SettingsWindowController.swift */ = {isa = PBXFileReference; includeInIndex = 1; lastKnownFileType = sourcecode.swift; name = SettingsWindowController.swift; path = ../Sources/BatteryPanicApp/Settings/SettingsWindowController.swift; sourceTree = "<group>"; };
		BD415687AD1AF2B432013719 /* AppSettingsStore.swift */ = {isa = PBXFileReference; includeInIndex = 1; lastKnownFileType = sourcecode.swift; name = AppSettingsStore.swift; path = ../Sources/BatteryPanicApp/Settings/AppSettingsStore.swift; sourceTree = "<group>"; };
		C11BD3FCDD1DDA06B91F1616 /* OverlayWindow.swift */ = {isa = PBXFileReference; includeInIndex = 1; lastKnownFileType = sourcecode.swift; name = OverlayWindow.swift; path = ../Sources/BatteryPanicApp/Overlay/OverlayWindow.swift; sourceTree = "<group>"; };
		C1E6197731275787FA20DF95 /* OverlayManager.swift */ = {isa = PBXFileReference; includeInIndex = 1; lastKnownFileType = sourcecode.swift; name = OverlayManager.swift; path = ../Sources/BatteryPanicApp/Overlay/OverlayManager.swift; sourceTree = "<group>"; };
		C389E1E141BC797A451CA8B9 /* THIRD_PARTY_NOTICES.md */ = {isa = PBXFileReference; includeInIndex = 1; name = THIRD_PARTY_NOTICES.md; path = ../THIRD_PARTY_NOTICES.md; sourceTree = "<group>"; };
		CD57D9549DB01F49562E4E8B /* AppCoordinator.swift */ = {isa = PBXFileReference; includeInIndex = 1; lastKnownFileType = sourcecode.swift; name = AppCoordinator.swift; path = ../Sources/BatteryPanicApp/App/AppCoordinator.swift; sourceTree = "<group>"; };
		CD761E454FBE400CD0DF235D /* OnboardingWindowController.swift */ = {isa = PBXFileReference; includeInIndex = 1; lastKnownFileType = sourcecode.swift; name = OnboardingWindowController.swift; path = ../Sources/BatteryPanicApp/Settings/OnboardingWindowController.swift; sourceTree = "<group>"; };
		D6B94AC4AEE771A079B8837F /* AVFoundation.framework */ = {isa = PBXFileReference; lastKnownFileType = wrapper.framework; name = AVFoundation.framework; path = System/Library/Frameworks/AVFoundation.framework; sourceTree = SDKROOT; };
		DCB41671B954814E0C4649B2 /* Battery Panic.app */ = {isa = PBXFileReference; explicitFileType = wrapper.application; includeInIndex = 0; path = "Battery Panic.app"; sourceTree = BUILT_PRODUCTS_DIR; };
		DCF9634375531C8ED198C57D /* LoginItemService.swift */ = {isa = PBXFileReference; includeInIndex = 1; lastKnownFileType = sourcecode.swift; name = LoginItemService.swift; path = ../Sources/BatteryPanicApp/Settings/LoginItemService.swift; sourceTree = "<group>"; };
		E28C363657C7C7C4E4F3F2A7 /* BatteryFormatter.swift */ = {isa = PBXFileReference; includeInIndex = 1; lastKnownFileType = sourcecode.swift; name = BatteryFormatter.swift; path = ../Sources/BatteryPanicApp/Shared/BatteryFormatter.swift; sourceTree = "<group>"; };
		E359B505682D74A21CF6431B /* WarningSound.swift */ = {isa = PBXFileReference; includeInIndex = 1; lastKnownFileType = sourcecode.swift; name = WarningSound.swift; path = ../Sources/BatteryPanicApp/Sound/WarningSound.swift; sourceTree = "<group>"; };
		EA5DA2AFBCD340EA2751FD5B /* IOKit.framework */ = {isa = PBXFileReference; lastKnownFileType = wrapper.framework; name = IOKit.framework; path = System/Library/Frameworks/IOKit.framework; sourceTree = SDKROOT; };
		F372BE09D41FDBCF4A147083 /* BatteryStatusAppearance.swift */ = {isa = PBXFileReference; includeInIndex = 1; lastKnownFileType = sourcecode.swift; name = BatteryStatusAppearance.swift; path = ../Sources/BatteryPanicApp/MenuBar/BatteryStatusAppearance.swift; sourceTree = "<group>"; };
		F5CB2D769E51C516AB3E4A0A /* AppIcon.icns */ = {isa = PBXFileReference; includeInIndex = 1; name = AppIcon.icns; path = ../Resources/AppIcon.icns; sourceTree = "<group>"; };
		F837BAB71796B486F91D9E61 /* BatteryMenuDetailsView.swift */ = {isa = PBXFileReference; includeInIndex = 1; lastKnownFileType = sourcecode.swift; name = BatteryMenuDetailsView.swift; path = ../Sources/BatteryPanicApp/MenuBar/BatteryMenuDetailsView.swift; sourceTree = "<group>"; };
		FA467BA4E86E9763B4D15B4D /* AppConstants.swift */ = {isa = PBXFileReference; includeInIndex = 1; lastKnownFileType = sourcecode.swift; name = AppConstants.swift; path = ../Sources/BatteryPanicApp/Shared/AppConstants.swift; sourceTree = "<group>"; };
/* End PBXFileReference section */

/* Begin PBXFrameworksBuildPhase section */
		E6DAE8E344EFADB6983079AE /* Frameworks */ = {
			isa = PBXFrameworksBuildPhase;
			buildActionMask = 2147483647;
			files = (
				D7565DB99942CF0605BA700C /* Cocoa.framework in Frameworks */,
				8367F1EB338275AC6878B039 /* Sparkle.xcframework in Frameworks */,
				9DEFC599F39031D1FBAF771A /* IOKit.framework in Frameworks */,
				DE0FAB2CEC2F1013F8CDC717 /* AVFoundation.framework in Frameworks */,
				58534F5D0490BA46A896A827 /* ServiceManagement.framework in Frameworks */,
			);
			runOnlyForDeploymentPostprocessing = 0;
		};
/* End PBXFrameworksBuildPhase section */

/* Begin PBXGroup section */
		389E30D3BF071ADBC2765B8B /* BatteryPanicApp */ = {
			isa = PBXGroup;
			children = (
				CD57D9549DB01F49562E4E8B /* AppCoordinator.swift */,
				0A88F43DB44CF8B63A3C3ACF /* AppDelegate.swift */,
				A5EA7927E561838976427C0C /* main.swift */,
				67981FAFD3B41D619C17EF99 /* AlarmPolicy.swift */,
				8950D1193F17D079A1F567B4 /* BatteryMonitor.swift */,
				A9B9D2C33D98C5DE94208587 /* BatteryProvider.swift */,
				AD4277660EFD0ED31251BDA4 /* BatteryStatus+Preview.swift */,
				68B99E54221B841D6A74D529 /* BatteryStatus.swift */,
				A1B2C3D4E5F60718293A4B5C /* BatteryHistoryStore.swift */,
				1FA7ACA70D93BC53C3FCA4C3 /* IOKitBatteryProvider.swift */,
				C1D2E3F40516273849A5B6C7 /* BatteryDashboardView.swift */,
				F837BAB71796B486F91D9E61 /* BatteryMenuDetailsView.swift */,
				8EB710DCA43C1CA9950FC028 /* BatteryMenuHeaderView.swift */,
				F372BE09D41FDBCF4A147083 /* BatteryStatusAppearance.swift */,
				5E5C1E8281CDF184EBA03FE4 /* MenuBarController.swift */,
				4E6D4B6B2B49577A07FA5AFD /* MenuBarIconFactory.swift */,
				C1E6197731275787FA20DF95 /* OverlayManager.swift */,
				98AFDB52C1849BA989E1C448 /* OverlayView.swift */,
				C11BD3FCDD1DDA06B91F1616 /* OverlayWindow.swift */,
				BD415687AD1AF2B432013719 /* AppSettingsStore.swift */,
				DCF9634375531C8ED198C57D /* LoginItemService.swift */,
				07BCEC1DD226750810AF4049 /* OnboardingHeroView.swift */,
				CD761E454FBE400CD0DF235D /* OnboardingWindowController.swift */,
				7F85CA5FCBD5ECC3BA142E6A /* OverlayPreviewView.swift */,
				BD213438204982391D2096DA /* SettingsWindowController.swift */,
				FA467BA4E86E9763B4D15B4D /* AppConstants.swift */,
				8F8D312100DE8D9B9D380AB3 /* AppIconFactory.swift */,
				E28C363657C7C7C4E4F3F2A7 /* BatteryFormatter.swift */,
				19D2892BE9B9D7753FE70417 /* Comparable+Clamp.swift */,
				4B426D1327411F8A5E3AB7B0 /* SirenTonePlayer.swift */,
				E359B505682D74A21CF6431B /* WarningSound.swift */,
				36D9C0744BB7F05A96E9E9EC /* WarningSoundPlayer.swift */,
				BC42CD7CF6E42A1F502BA078 /* AppUpdater.swift */,
			);
			name = BatteryPanicApp;
			sourceTree = "<group>";
		};
		58A27142A6330E9C6BE5941F /* Resources */ = {
			isa = PBXGroup;
			children = (
				F5CB2D769E51C516AB3E4A0A /* AppIcon.icns */,
				04F03DEA1C5480DB11B43C0A /* DMGBackground.png */,
				C389E1E141BC797A451CA8B9 /* THIRD_PARTY_NOTICES.md */,
				A83D911787C90A2D30B5E8DE /* Sparkle-LICENSE.txt */,
			);
			name = Resources;
			sourceTree = "<group>";
		};
		AB325EC057E02CFFC8AC55A6 = {
			isa = PBXGroup;
			children = (
				B1629D582CE314D10451E01C /* Products */,
				FC9410DCBADAC28AC197572E /* Frameworks */,
				C00F015661CC0A807BF942B6 /* Sources */,
				58A27142A6330E9C6BE5941F /* Resources */,
				AC8217AB9AE596184C9F0206 /* Config */,
				F51A61E9574380714A36B119 /* Vendor */,
			);
			sourceTree = "<group>";
		};
		AC8217AB9AE596184C9F0206 /* Config */ = {
			isa = PBXGroup;
			children = (
				9BBAB574E52F4DF303AD512B /* BatteryPanicApp-Info.plist */,
				6B7AD9BE4854547D5783C164 /* Version.xcconfig */,
			);
			name = Config;
			sourceTree = "<group>";
		};
		B1629D582CE314D10451E01C /* Products */ = {
			isa = PBXGroup;
			children = (
				DCB41671B954814E0C4649B2 /* Battery Panic.app */,
			);
			name = Products;
			sourceTree = "<group>";
		};
		C00F015661CC0A807BF942B6 /* Sources */ = {
			isa = PBXGroup;
			children = (
				389E30D3BF071ADBC2765B8B /* BatteryPanicApp */,
			);
			name = Sources;
			sourceTree = "<group>";
		};
		DEBF1650FDF12519BE59A1A5 /* OS X */ = {
			isa = PBXGroup;
			children = (
				2ADC7BAD6F2234C29AD0DFCC /* Cocoa.framework */,
			);
			name = "OS X";
			sourceTree = "<group>";
		};
		F51A61E9574380714A36B119 /* Vendor */ = {
			isa = PBXGroup;
			children = (
				B37BAC5A08D44856633FB4A8 /* Sparkle.xcframework */,
			);
			name = Vendor;
			sourceTree = "<group>";
		};
		FC9410DCBADAC28AC197572E /* Frameworks */ = {
			isa = PBXGroup;
			children = (
				DEBF1650FDF12519BE59A1A5 /* OS X */,
				EA5DA2AFBCD340EA2751FD5B /* IOKit.framework */,
				D6B94AC4AEE771A079B8837F /* AVFoundation.framework */,
				51DBEEA2EB76F11ABF7550A5 /* ServiceManagement.framework */,
			);
			name = Frameworks;
			sourceTree = "<group>";
		};
/* End PBXGroup section */

/* Begin PBXNativeTarget section */
		084D67084E0392C149FF5C9C /* Battery Panic */ = {
			isa = PBXNativeTarget;
			buildConfigurationList = 5CF58A7E6B2A9D9266DC716D /* Build configuration list for PBXNativeTarget "Battery Panic" */;
			buildPhases = (
				D7C539C011E32E82596078E9 /* Sources */,
				E6DAE8E344EFADB6983079AE /* Frameworks */,
				DE8998785BDE484B5DAA7221 /* Resources */,
				27EFC5B4C4A049BB2F8B8313 /* Embed Frameworks */,
			);
			buildRules = (
			);
			dependencies = (
			);
			name = "Battery Panic";
			productName = "Battery Panic";
			productReference = DCB41671B954814E0C4649B2 /* Battery Panic.app */;
			productType = "com.apple.product-type.application";
		};
/* End PBXNativeTarget section */

/* Begin PBXProject section */
		8D94A655297A1787F5B68A47 /* Project object */ = {
			isa = PBXProject;
			attributes = {
				LastSwiftUpdateCheck = 2660;
				LastUpgradeCheck = 2660;
			};
			buildConfigurationList = 5B24A4B9CC6B60D1A83AA70C /* Build configuration list for PBXProject "Battery Panic" */;
			compatibilityVersion = "Xcode 3.2";
			developmentRegion = en;
			hasScannedForEncodings = 0;
			knownRegions = (
				en,
				Base,
			);
			mainGroup = AB325EC057E02CFFC8AC55A6;
			minimizedProjectReferenceProxies = 0;
			productRefGroup = B1629D582CE314D10451E01C /* Products */;
			projectDirPath = "";
			projectRoot = "";
			targets = (
				084D67084E0392C149FF5C9C /* Battery Panic */,
			);
		};
/* End PBXProject section */

/* Begin PBXResourcesBuildPhase section */
		DE8998785BDE484B5DAA7221 /* Resources */ = {
			isa = PBXResourcesBuildPhase;
			buildActionMask = 2147483647;
			files = (
				A8A768E9B841F5158D52767F /* AppIcon.icns in Resources */,
				5425475E6FC7B42B4FCA6992 /* THIRD_PARTY_NOTICES.md in Resources */,
				37340CA8EA00E7C6C96430C5 /* Sparkle-LICENSE.txt in Resources */,
			);
			runOnlyForDeploymentPostprocessing = 0;
		};
/* End PBXResourcesBuildPhase section */

/* Begin PBXSourcesBuildPhase section */
		D7C539C011E32E82596078E9 /* Sources */ = {
			isa = PBXSourcesBuildPhase;
			buildActionMask = 2147483647;
			files = (
				D0BC86AE78BA33AFE8F9DE71 /* AppCoordinator.swift in Sources */,
				8D24CC931C26B7CDBC42B3DB /* AppDelegate.swift in Sources */,
				593EE41F7B9EFF1CF7A04531 /* main.swift in Sources */,
				70B4B41B7D9ED7125DF34BF1 /* AlarmPolicy.swift in Sources */,
				53C8924B7149314C3D73DB68 /* BatteryMonitor.swift in Sources */,
				F8FA9B5BF722E5205050F0F8 /* BatteryProvider.swift in Sources */,
				25D44B710D66540D4AB5D1C1 /* BatteryStatus+Preview.swift in Sources */,
				028797CA5700F7C872BE063B /* BatteryStatus.swift in Sources */,
				B1C2D3E4F5061728394A5B6C /* BatteryHistoryStore.swift in Sources */,
				14314CE1F98EB24DA5C314B3 /* IOKitBatteryProvider.swift in Sources */,
				D1E2F3041526374859A6B7C8 /* BatteryDashboardView.swift in Sources */,
				5E24B764E8AC23EBB92DC6A0 /* BatteryMenuDetailsView.swift in Sources */,
				EA984D9D420B7E6102ED09FC /* BatteryMenuHeaderView.swift in Sources */,
				14E0370967CF3E00ED5E0C55 /* BatteryStatusAppearance.swift in Sources */,
				916BFFCEFCF4DF4863D75804 /* MenuBarController.swift in Sources */,
				305E1AB5198CCF2AA04A1CF5 /* MenuBarIconFactory.swift in Sources */,
				40CA0E20B0D5FE11A05F84A0 /* OverlayManager.swift in Sources */,
				C6C9980AE53C95C7A88669C8 /* OverlayView.swift in Sources */,
				2FF8D229A441B4ED7505F202 /* OverlayWindow.swift in Sources */,
				8C46980D4B44AB7F28538ECE /* AppSettingsStore.swift in Sources */,
				644D84D3C28EBE3918B4CBC4 /* LoginItemService.swift in Sources */,
				31BB856542377F857FEAFD14 /* OnboardingHeroView.swift in Sources */,
				2ABE1D954373F6D50B79C3B4 /* OnboardingWindowController.swift in Sources */,
				27D03F302E9A52D1849FEE18 /* OverlayPreviewView.swift in Sources */,
				3632EE198B90BB40C4FF2061 /* SettingsWindowController.swift in Sources */,
				E05F919B11EA69C108B3EF1C /* AppConstants.swift in Sources */,
				F514CC75EA8A8B0D887D6F6E /* AppIconFactory.swift in Sources */,
				49597E6A266D0BF71699B87F /* BatteryFormatter.swift in Sources */,
				E6D7C4FA761EE97DFFD69C1F /* Comparable+Clamp.swift in Sources */,
				DD97E6C9D670CAA6D1608329 /* SirenTonePlayer.swift in Sources */,
				E4FAD506936E0AE319176A04 /* WarningSound.swift in Sources */,
				D959A9EEDCAF739F1B7AFD2A /* WarningSoundPlayer.swift in Sources */,
				FFEDAF3390C93DC13D6EC80F /* AppUpdater.swift in Sources */,
			);
			runOnlyForDeploymentPostprocessing = 0;
		};
/* End PBXSourcesBuildPhase section */

/* Begin XCBuildConfiguration section */
		11F17FE08B6EE282125E816B /* Release */ = {
			isa = XCBuildConfiguration;
			buildSettings = {
				ALWAYS_SEARCH_USER_PATHS = NO;
				CLANG_ANALYZER_NONNULL = YES;
				CLANG_ANALYZER_NUMBER_OBJECT_CONVERSION = YES_AGGRESSIVE;
				CLANG_CXX_LANGUAGE_STANDARD = "gnu++14";
				CLANG_CXX_LIBRARY = "libc++";
				CLANG_ENABLE_MODULES = YES;
				CLANG_ENABLE_OBJC_ARC = YES;
				CLANG_ENABLE_OBJC_WEAK = YES;
				CLANG_WARN_BLOCK_CAPTURE_AUTORELEASING = YES;
				CLANG_WARN_BOOL_CONVERSION = YES;
				CLANG_WARN_COMMA = YES;
				CLANG_WARN_CONSTANT_CONVERSION = YES;
				CLANG_WARN_DEPRECATED_OBJC_IMPLEMENTATIONS = YES;
				CLANG_WARN_DIRECT_OBJC_ISA_USAGE = YES_ERROR;
				CLANG_WARN_DOCUMENTATION_COMMENTS = YES;
				CLANG_WARN_EMPTY_BODY = YES;
				CLANG_WARN_ENUM_CONVERSION = YES;
				CLANG_WARN_INFINITE_RECURSION = YES;
				CLANG_WARN_INT_CONVERSION = YES;
				CLANG_WARN_NON_LITERAL_NULL_CONVERSION = YES;
				CLANG_WARN_OBJC_IMPLICIT_RETAIN_SELF = YES;
				CLANG_WARN_OBJC_LITERAL_CONVERSION = YES;
				CLANG_WARN_OBJC_ROOT_CLASS = YES_ERROR;
				CLANG_WARN_QUOTED_INCLUDE_IN_FRAMEWORK_HEADER = YES;
				CLANG_WARN_RANGE_LOOP_ANALYSIS = YES;
				CLANG_WARN_STRICT_PROTOTYPES = YES;
				CLANG_WARN_SUSPICIOUS_MOVE = YES;
				CLANG_WARN_UNGUARDED_AVAILABILITY = YES_AGGRESSIVE;
				CLANG_WARN_UNREACHABLE_CODE = YES;
				CLANG_WARN__DUPLICATE_METHOD_MATCH = YES;
				COPY_PHASE_STRIP = NO;
				DEBUG_INFORMATION_FORMAT = "dwarf-with-dsym";
				ENABLE_NS_ASSERTIONS = NO;
				ENABLE_STRICT_OBJC_MSGSEND = YES;
				GCC_C_LANGUAGE_STANDARD = gnu11;
				GCC_NO_COMMON_BLOCKS = YES;
				GCC_WARN_64_TO_32_BIT_CONVERSION = YES;
				GCC_WARN_ABOUT_RETURN_TYPE = YES_ERROR;
				GCC_WARN_UNDECLARED_SELECTOR = YES;
				GCC_WARN_UNINITIALIZED_AUTOS = YES_AGGRESSIVE;
				GCC_WARN_UNUSED_FUNCTION = YES;
				GCC_WARN_UNUSED_VARIABLE = YES;
				MTL_ENABLE_DEBUG_INFO = NO;
				MTL_FAST_MATH = YES;
				PRODUCT_NAME = "$(TARGET_NAME)";
				SWIFT_COMPILATION_MODE = wholemodule;
				SWIFT_OPTIMIZATION_LEVEL = "-O";
				SWIFT_VERSION = 5.0;
			};
			name = Release;
		};
		50057EFDD5DD70E46932A4A2 /* Release */ = {
			isa = XCBuildConfiguration;
			baseConfigurationReference = 6B7AD9BE4854547D5783C164 /* Version.xcconfig */;
			buildSettings = {
				ASSETCATALOG_COMPILER_APPICON_NAME = AppIcon;
				ASSETCATALOG_COMPILER_GLOBAL_ACCENT_COLOR_NAME = AccentColor;
				CLANG_ENABLE_MODULES = YES;
				CODE_SIGN_IDENTITY = "-";
				CODE_SIGN_STYLE = Manual;
				COMBINE_HIDPI_IMAGES = YES;
				DEVELOPMENT_TEAM = "";
				ENABLE_HARDENED_RUNTIME = NO;
				FRAMEWORK_SEARCH_PATHS = (
					"$(inherited)",
					../Vendor/Sparkle,
				);
				INFOPLIST_FILE = "../Config/BatteryPanicApp-Info.plist";
				LD_RUNPATH_SEARCH_PATHS = "$(inherited) @executable_path/../Frameworks";
				MACOSX_DEPLOYMENT_TARGET = 13.0;
				PRODUCT_BUNDLE_IDENTIFIER = com.leontofficial.batterypanic.mac;
				PRODUCT_NAME = "Battery Panic";
				SDKROOT = macosx;
				SWIFT_VERSION = 5.0;
			};
			name = Release;
		};
		7D8DE6A846EB8E7489CB649E /* Debug */ = {
			isa = XCBuildConfiguration;
			buildSettings = {
				ALWAYS_SEARCH_USER_PATHS = NO;
				CLANG_ANALYZER_NONNULL = YES;
				CLANG_ANALYZER_NUMBER_OBJECT_CONVERSION = YES_AGGRESSIVE;
				CLANG_CXX_LANGUAGE_STANDARD = "gnu++14";
				CLANG_CXX_LIBRARY = "libc++";
				CLANG_ENABLE_MODULES = YES;
				CLANG_ENABLE_OBJC_ARC = YES;
				CLANG_ENABLE_OBJC_WEAK = YES;
				CLANG_WARN_BLOCK_CAPTURE_AUTORELEASING = YES;
				CLANG_WARN_BOOL_CONVERSION = YES;
				CLANG_WARN_COMMA = YES;
				CLANG_WARN_CONSTANT_CONVERSION = YES;
				CLANG_WARN_DEPRECATED_OBJC_IMPLEMENTATIONS = YES;
				CLANG_WARN_DIRECT_OBJC_ISA_USAGE = YES_ERROR;
				CLANG_WARN_DOCUMENTATION_COMMENTS = YES;
				CLANG_WARN_EMPTY_BODY = YES;
				CLANG_WARN_ENUM_CONVERSION = YES;
				CLANG_WARN_INFINITE_RECURSION = YES;
				CLANG_WARN_INT_CONVERSION = YES;
				CLANG_WARN_NON_LITERAL_NULL_CONVERSION = YES;
				CLANG_WARN_OBJC_IMPLICIT_RETAIN_SELF = YES;
				CLANG_WARN_OBJC_LITERAL_CONVERSION = YES;
				CLANG_WARN_OBJC_ROOT_CLASS = YES_ERROR;
				CLANG_WARN_QUOTED_INCLUDE_IN_FRAMEWORK_HEADER = YES;
				CLANG_WARN_RANGE_LOOP_ANALYSIS = YES;
				CLANG_WARN_STRICT_PROTOTYPES = YES;
				CLANG_WARN_SUSPICIOUS_MOVE = YES;
				CLANG_WARN_UNGUARDED_AVAILABILITY = YES_AGGRESSIVE;
				CLANG_WARN_UNREACHABLE_CODE = YES;
				CLANG_WARN__DUPLICATE_METHOD_MATCH = YES;
				COPY_PHASE_STRIP = NO;
				DEBUG_INFORMATION_FORMAT = dwarf;
				ENABLE_STRICT_OBJC_MSGSEND = YES;
				ENABLE_TESTABILITY = YES;
				GCC_C_LANGUAGE_STANDARD = gnu11;
				GCC_DYNAMIC_NO_PIC = NO;
				GCC_NO_COMMON_BLOCKS = YES;
				GCC_OPTIMIZATION_LEVEL = 0;
				GCC_PREPROCESSOR_DEFINITIONS = (
					"DEBUG=1",
					"$(inherited)",
				);
				GCC_WARN_64_TO_32_BIT_CONVERSION = YES;
				GCC_WARN_ABOUT_RETURN_TYPE = YES_ERROR;
				GCC_WARN_UNDECLARED_SELECTOR = YES;
				GCC_WARN_UNINITIALIZED_AUTOS = YES_AGGRESSIVE;
				GCC_WARN_UNUSED_FUNCTION = YES;
				GCC_WARN_UNUSED_VARIABLE = YES;
				MTL_ENABLE_DEBUG_INFO = INCLUDE_SOURCE;
				MTL_FAST_MATH = YES;
				ONLY_ACTIVE_ARCH = YES;
				PRODUCT_NAME = "$(TARGET_NAME)";
				SWIFT_ACTIVE_COMPILATION_CONDITIONS = DEBUG;
				SWIFT_OPTIMIZATION_LEVEL = "-Onone";
				SWIFT_VERSION = 5.0;
			};
			name = Debug;
		};
		B0AB0413DC1D1833CAF16B4B /* Debug */ = {
			isa = XCBuildConfiguration;
			baseConfigurationReference = 6B7AD9BE4854547D5783C164 /* Version.xcconfig */;
			buildSettings = {
				ASSETCATALOG_COMPILER_APPICON_NAME = AppIcon;
				ASSETCATALOG_COMPILER_GLOBAL_ACCENT_COLOR_NAME = AccentColor;
				CLANG_ENABLE_MODULES = YES;
				CODE_SIGN_IDENTITY = "-";
				CODE_SIGN_STYLE = Manual;
				COMBINE_HIDPI_IMAGES = YES;
				DEVELOPMENT_TEAM = "";
				ENABLE_HARDENED_RUNTIME = NO;
				FRAMEWORK_SEARCH_PATHS = (
					"$(inherited)",
					../Vendor/Sparkle,
				);
				INFOPLIST_FILE = "../Config/BatteryPanicApp-Info.plist";
				LD_RUNPATH_SEARCH_PATHS = "$(inherited) @executable_path/../Frameworks";
				MACOSX_DEPLOYMENT_TARGET = 13.0;
				PRODUCT_BUNDLE_IDENTIFIER = com.leontofficial.batterypanic.mac;
				PRODUCT_NAME = "Battery Panic";
				SDKROOT = macosx;
				SWIFT_VERSION = 5.0;
			};
			name = Debug;
		};
/* End XCBuildConfiguration section */

/* Begin XCConfigurationList section */
		5B24A4B9CC6B60D1A83AA70C /* Build configuration list for PBXProject "Battery Panic" */ = {
			isa = XCConfigurationList;
			buildConfigurations = (
				7D8DE6A846EB8E7489CB649E /* Debug */,
				11F17FE08B6EE282125E816B /* Release */,
			);
			defaultConfigurationIsVisible = 0;
			defaultConfigurationName = Release;
		};
		5CF58A7E6B2A9D9266DC716D /* Build configuration list for PBXNativeTarget "Battery Panic" */ = {
			isa = XCConfigurationList;
			buildConfigurations = (
				50057EFDD5DD70E46932A4A2 /* Release */,
				B0AB0413DC1D1833CAF16B4B /* Debug */,
			);
			defaultConfigurationIsVisible = 0;
			defaultConfigurationName = Release;
		};
/* End XCConfigurationList section */
	};
	rootObject = 8D94A655297A1787F5B68A47 /* Project object */;
}
